
Microsoft Visual Studio Solution File, Format Version 12.00
# Visual Studio Version 16
VisualStudioVersion = 16.0.30114.105
MinimumVisualStudioVersion = 10.0.40219.1
Project("{F2A71F9B-5D33-465A-A702-920D77279786}") = "Ionide.LanguageServerProtocol", "src\Ionide.LanguageServerProtocol.fsproj", "{CA3DF91E-B82C-4DFC-BDBC-CE383717E457}"
EndProject
Project("{F2A71F9B-5D33-465A-A702-920D77279786}") = "Ionide.LanguageServerProtocol.Tests", "tests\Ionide.LanguageServerProtocol.Tests.fsproj", "{8E54FA2A-C7E4-4D70-AF23-7F8D56EB6B9C}"
EndProject
Project("{2150E333-8FDC-42A3-9474-1A3956D46DE8}") = "tools", "tools", "{47733741-07EF-431B-A1DC-2A22E4090CCC}"
EndProject
Project("{F2A71F9B-5D33-465A-A702-920D77279786}") = "MetaModelGenerator", "tools\MetaModelGenerator\MetaModelGenerator.fsproj", "{4BA36C85-8414-4965-AAA3-B6D8EDE14B7D}"
EndProject
Global
	GlobalSection(SolutionConfigurationPlatforms) = preSolution
		Debug|Any CPU = Debug|Any CPU
		Release|Any CPU = Release|Any CPU
	EndGlobalSection
	GlobalSection(SolutionProperties) = preSolution
		HideSolutionNode = FALSE
	EndGlobalSection
	GlobalSection(ProjectConfigurationPlatforms) = postSolution
		{CA3DF91E-B82C-4DFC-BDBC-CE383717E457}.Debug|Any CPU.ActiveCfg = Debug|Any CPU
		{CA3DF91E-B82C-4DFC-BDBC-CE383717E457}.Debug|Any CPU.Build.0 = Debug|Any CPU
		{CA3DF91E-B82C-4DFC-BDBC-CE383717E457}.Release|Any CPU.ActiveCfg = Release|Any CPU
		{CA3DF91E-B82C-4DFC-BDBC-CE383717E457}.Release|Any CPU.Build.0 = Release|Any CPU
		{8E54FA2A-C7E4-4D70-AF23-7F8D56EB6B9C}.Debug|Any CPU.ActiveCfg = Debug|Any CPU
		{8E54FA2A-C7E4-4D70-AF23-7F8D56EB6B9C}.Debug|Any CPU.Build.0 = Debug|Any CPU
		{8E54FA2A-C7E4-4D70-AF23-7F8D56EB6B9C}.Release|Any CPU.ActiveCfg = Release|Any CPU
		{8E54FA2A-C7E4-4D70-AF23-7F8D56EB6B9C}.Release|Any CPU.Build.0 = Release|Any CPU
		{4BA36C85-8414-4965-AAA3-B6D8EDE14B7D}.Debug|Any CPU.ActiveCfg = Debug|Any CPU
		{4BA36C85-8414-4965-AAA3-B6D8EDE14B7D}.Debug|Any CPU.Build.0 = Debug|Any CPU
		{4BA36C85-8414-4965-AAA3-B6D8EDE14B7D}.Release|Any CPU.ActiveCfg = Release|Any CPU
		{4BA36C85-8414-4965-AAA3-B6D8EDE14B7D}.Release|Any CPU.Build.0 = Release|Any CPU
	EndGlobalSection
	GlobalSection(NestedProjects) = preSolution
		{4BA36C85-8414-4965-AAA3-B6D8EDE14B7D} = {47733741-07EF-431B-A1DC-2A22E4090CCC}
	EndGlobalSection
EndGlobal
